
Microsoft Visual Studio Solution File, Format Version 12.00
# Visual Studio 14
VisualStudioVersion = 14.0.23107.0
MinimumVisualStudioVersion = 10.0.40219.1
Project("{FAE04EC0-301F-11D3-BF4B-00C04F79EFBC}") = "AWRestAPI", "AWRestAPI\AWRestAPI.csproj", "{C7585C56-19DE-4FB5-9DB6-0B89A099D4E9}"
EndProject
Project("{FAE04EC0-301F-11D3-BF4B-00C04F79EFBC}") = "AWRestAPITests", "AWRestAPITests\AWRestAPITests.csproj", "{C5F8EF99-B2BF-4697-B64B-5C7138643F9F}"
EndProject
Global
	GlobalSection(SolutionConfigurationPlatforms) = preSolution
		Debug|Any CPU = Debug|Any CPU
		Release|Any CPU = Release|Any CPU
	EndGlobalSection
	GlobalSection(ProjectConfigurationPlatforms) = postSolution
		{C7585C56-19DE-4FB5-9DB6-0B89A099D4E9}.Debug|Any CPU.ActiveCfg = Debug|Any CPU
		{C7585C56-19DE-4FB5-9DB6-0B89A099D4E9}.Debug|Any CPU.Build.0 = Debug|Any CPU
		{C7585C56-19DE-4FB5-9DB6-0B89A099D4E9}.Release|Any CPU.ActiveCfg = Release|Any CPU
		{C7585C56-19DE-4FB5-9DB6-0B89A099D4E9}.Release|Any CPU.Build.0 = Release|Any CPU
		{C5F8EF99-B2BF-4697-B64B-5C7138643F9F}.Debug|Any CPU.ActiveCfg = Debug|Any CPU
		{C5F8EF99-B2BF-4697-B64B-5C7138643F9F}.Debug|Any CPU.Build.0 = Debug|Any CPU
		{C5F8EF99-B2BF-4697-B64B-5C7138643F9F}.Release|Any CPU.ActiveCfg = Release|Any CPU
		{C5F8EF99-B2BF-4697-B64B-5C7138643F9F}.Release|Any CPU.Build.0 = Release|Any CPU
	EndGlobalSection
	GlobalSection(SolutionProperties) = preSolution
		HideSolutionNode = FALSE
	EndGlobalSection
EndGlobal
